
Microsoft Visual Studio Solution File, Format Version 12.00
# Visual Studio 15
VisualStudioVersion = 15.0.28307.136
MinimumVisualStudioVersion = 10.0.40219.1
Project("{FAE04EC0-301F-11D3-BF4B-00C04F79EFBC}") = "ThermalLabelSDKWebJobSample", "ThermalLabelSDKWebJobSample\ThermalLabelSDKWebJobSample.csproj", "{8327BD44-6955-43F5-84E7-9A385A425C99}"
EndProject
Global
	GlobalSection(SolutionConfigurationPlatforms) = preSolution
		Debug|Any CPU = Debug|Any CPU
		Release|Any CPU = Release|Any CPU
	EndGlobalSection
	GlobalSection(ProjectConfigurationPlatforms) = postSolution
		{8327BD44-6955-43F5-84E7-9A385A425C99}.Debug|Any CPU.ActiveCfg = Debug|Any CPU
		{8327BD44-6955-43F5-84E7-9A385A425C99}.Debug|Any CPU.Build.0 = Debug|Any CPU
		{8327BD44-6955-43F5-84E7-9A385A425C99}.Release|Any CPU.ActiveCfg = Release|Any CPU
		{8327BD44-6955-43F5-84E7-9A385A425C99}.Release|Any CPU.Build.0 = Release|Any CPU
	EndGlobalSection
	GlobalSection(SolutionProperties) = preSolution
		HideSolutionNode = FALSE
	EndGlobalSection
	GlobalSection(ExtensibilityGlobals) = postSolution
		SolutionGuid = {33C8809A-4E31-4712-AE34-3853F88C5EFA}
	EndGlobalSection
EndGlobal
